
Microsoft Visual Studio Solution File, Format Version 12.00
# Visual Studio 14
VisualStudioVersion = 14.0.25420.1
MinimumVisualStudioVersion = 10.0.40219.1
Project("{2150E333-8FDC-42A3-9474-1A3956D46DE8}") = "src", "src", "{05FE85A7-97C4-4C89-8C56-C0729046A7CD}"
EndProject
Project("{2150E333-8FDC-42A3-9474-1A3956D46DE8}") = "Solution Items", "Solution Items", "{090B2478-91F4-468B-BE30-2862A88A2FA6}"
	ProjectSection(SolutionItems) = preProject
		global.json = global.json
	EndProjectSection
EndProject
Project("{8BB2217D-0F2D-49D1-97BC-3654ED321F3B}") = "CRM", "src\CRM\CRM.xproj", "{C5BAC6C0-EC69-497E-BD76-1298E4BB8B77}"
EndProject
Global
	GlobalSection(SolutionConfigurationPlatforms) = preSolution
		Debug|Any CPU = Debug|Any CPU
		Release|Any CPU = Release|Any CPU
	EndGlobalSection
	GlobalSection(ProjectConfigurationPlatforms) = postSolution
		{C5BAC6C0-EC69-497E-BD76-1298E4BB8B77}.Debug|Any CPU.ActiveCfg = Debug|Any CPU
		{C5BAC6C0-EC69-497E-BD76-1298E4BB8B77}.Debug|Any CPU.Build.0 = Debug|Any CPU
		{C5BAC6C0-EC69-497E-BD76-1298E4BB8B77}.Release|Any CPU.ActiveCfg = Release|Any CPU
		{C5BAC6C0-EC69-497E-BD76-1298E4BB8B77}.Release|Any CPU.Build.0 = Release|Any CPU
	EndGlobalSection
	GlobalSection(SolutionProperties) = preSolution
		HideSolutionNode = FALSE
	EndGlobalSection
	GlobalSection(NestedProjects) = preSolution
		{C5BAC6C0-EC69-497E-BD76-1298E4BB8B77} = {05FE85A7-97C4-4C89-8C56-C0729046A7CD}
	EndGlobalSection
EndGlobal
